
Microsoft Visual Studio Solution File, Format Version 12.00
# Visual Studio Version 17
VisualStudioVersion = 17.8.34330.188
MinimumVisualStudioVersion = 10.0.40219.1
Project("{9A19103F-16F7-4668-BE54-9A1E7A4F7556}") = "AmazeCareProject", "AmazeCareProject\AmazeCareProject.csproj", "{02DAECD8-0EF7-4E6E-8B5B-1DA20C19A9D7}"
EndProject
Project("{FAE04EC0-301F-11D3-BF4B-00C04F79EFBC}") = "TestProject1", "TestProject1\TestProject1.csproj", "{89D5B88F-53F4-4563-B490-C2E105EEB6B3}"
EndProject
Global
	GlobalSection(SolutionConfigurationPlatforms) = preSolution
		Debug|Any CPU = Debug|Any CPU
		Release|Any CPU = Release|Any CPU
	EndGlobalSection
	GlobalSection(ProjectConfigurationPlatforms) = postSolution
		{02DAECD8-0EF7-4E6E-8B5B-1DA20C19A9D7}.Debug|Any CPU.ActiveCfg = Debug|Any CPU
		{02DAECD8-0EF7-4E6E-8B5B-1DA20C19A9D7}.Debug|Any CPU.Build.0 = Debug|Any CPU
		{02DAECD8-0EF7-4E6E-8B5B-1DA20C19A9D7}.Release|Any CPU.ActiveCfg = Release|Any CPU
		{02DAECD8-0EF7-4E6E-8B5B-1DA20C19A9D7}.Release|Any CPU.Build.0 = Release|Any CPU
		{89D5B88F-53F4-4563-B490-C2E105EEB6B3}.Debug|Any CPU.ActiveCfg = Debug|Any CPU
		{89D5B88F-53F4-4563-B490-C2E105EEB6B3}.Debug|Any CPU.Build.0 = Debug|Any CPU
		{89D5B88F-53F4-4563-B490-C2E105EEB6B3}.Release|Any CPU.ActiveCfg = Release|Any CPU
		{89D5B88F-53F4-4563-B490-C2E105EEB6B3}.Release|Any CPU.Build.0 = Release|Any CPU
	EndGlobalSection
	GlobalSection(SolutionProperties) = preSolution
		HideSolutionNode = FALSE
	EndGlobalSection
	GlobalSection(ExtensibilityGlobals) = postSolution
		SolutionGuid = {7029747C-6DD0-43C9-8CDE-714DC89140AE}
	EndGlobalSection
EndGlobal
